
Microsoft Visual Studio Solution File, Format Version 12.00
# Visual Studio 15
VisualStudioVersion = 15.0.28307.779
MinimumVisualStudioVersion = 10.0.40219.1
Project("{FAE04EC0-301F-11D3-BF4B-00C04F79EFBC}") = "GUI", "GUI\GUI.csproj", "{CC7399D2-D6BA-4981-9DD0-476CEFF3253D}"
EndProject
Global
	GlobalSection(SolutionConfigurationPlatforms) = preSolution
		Debug|Any CPU = Debug|Any CPU
		Release|Any CPU = Release|Any CPU
	EndGlobalSection
	GlobalSection(ProjectConfigurationPlatforms) = postSolution
		{CC7399D2-D6BA-4981-9DD0-476CEFF3253D}.Debug|Any CPU.ActiveCfg = Debug|Any CPU
		{CC7399D2-D6BA-4981-9DD0-476CEFF3253D}.Debug|Any CPU.Build.0 = Debug|Any CPU
		{CC7399D2-D6BA-4981-9DD0-476CEFF3253D}.Release|Any CPU.ActiveCfg = Release|Any CPU
		{CC7399D2-D6BA-4981-9DD0-476CEFF3253D}.Release|Any CPU.Build.0 = Release|Any CPU
	EndGlobalSection
	GlobalSection(SolutionProperties) = preSolution
		HideSolutionNode = FALSE
	EndGlobalSection
	GlobalSection(ExtensibilityGlobals) = postSolution
		SolutionGuid = {F2B50214-D8AD-4B8D-BDD1-0632EE89F69E}
	EndGlobalSection
EndGlobal
